
Microsoft Visual Studio Solution File, Format Version 12.00
# Visual Studio 15
VisualStudioVersion = 15.0.28307.329
MinimumVisualStudioVersion = 10.0.40219.1
Project("{FAE04EC0-301F-11D3-BF4B-00C04F79EFBC}") = "WebForms", "WebForms\WebForms.csproj", "{E967C70C-B191-4849-A1A0-9DD2C0A81730}"
EndProject
Global
	GlobalSection(SolutionConfigurationPlatforms) = preSolution
		Debug|Any CPU = Debug|Any CPU
		Release|Any CPU = Release|Any CPU
	EndGlobalSection
	GlobalSection(ProjectConfigurationPlatforms) = postSolution
		{E967C70C-B191-4849-A1A0-9DD2C0A81730}.Debug|Any CPU.ActiveCfg = Debug|Any CPU
		{E967C70C-B191-4849-A1A0-9DD2C0A81730}.Debug|Any CPU.Build.0 = Debug|Any CPU
		{E967C70C-B191-4849-A1A0-9DD2C0A81730}.Release|Any CPU.ActiveCfg = Release|Any CPU
		{E967C70C-B191-4849-A1A0-9DD2C0A81730}.Release|Any CPU.Build.0 = Release|Any CPU
	EndGlobalSection
	GlobalSection(SolutionProperties) = preSolution
		HideSolutionNode = FALSE
	EndGlobalSection
	GlobalSection(ExtensibilityGlobals) = postSolution
		SolutionGuid = {9C53E78D-37B6-48EE-8974-4F78FEC0C5B3}
	EndGlobalSection
EndGlobal
